// !$*UTF8*$!
{
	archiveVersion = 1;
	classes = {
	};
	objectVersion = 50;
	objects = {

/* Begin PBXBuildFile section */
		220A8B0820DE3E860016C821 /* AppDelegate.swift in Sources */ = {isa = PBXBuildFile; fileRef = 220A8B0720DE3E860016C821 /* AppDelegate.swift */; };
		220A8B0A20DE3E860016C821 /* SearchViewController.swift in Sources */ = {isa = PBXBuildFile; fileRef = 220A8B0920DE3E860016C821 /* SearchViewController.swift */; };
		220A8B0D20DE3E870016C821 /* Main.storyboard in Resources */ = {isa = PBXBuildFile; fileRef = 220A8B0B20DE3E870016C821 /* Main.storyboard */; };
		220A8B1220DE3E890016C821 /* Assets.xcassets in Resources */ = {isa = PBXBuildFile; fileRef = 220A8B1120DE3E890016C821 /* Assets.xcassets */; };
		220A8B1520DE3E890016C821 /* LaunchScreen.storyboard in Resources */ = {isa = PBXBuildFile; fileRef = 220A8B1320DE3E890016C821 /* LaunchScreen.storyboard */; };
		220A8B1D20DE3ED10016C821 /* DetailViewController.swift in Sources */ = {isa = PBXBuildFile; fileRef = 220A8B1C20DE3ED10016C821 /* DetailViewController.swift */; };
		220A8B1F20DE4A9B0016C821 /* User.swift in Sources */ = {isa = PBXBuildFile; fileRef = 220A8B1E20DE4A9A0016C821 /* User.swift */; };
		228702B320DE7D5F00AD016E /* ActivityLoaderView.xib in Resources */ = {isa = PBXBuildFile; fileRef = 228702B120DE7D5F00AD016E /* ActivityLoaderView.xib */; };
		228702B420DE7D5F00AD016E /* ActivityLoaderView.swift in Sources */ = {isa = PBXBuildFile; fileRef = 228702B220DE7D5F00AD016E /* ActivityLoaderView.swift */; };
/* End PBXBuildFile section */

/* Begin PBXFileReference section */
		220A8B0420DE3E860016C821 /* GitHubAssignmentUzair.app */ = {isa = PBXFileReference; explicitFileType = wrapper.application; includeInIndex = 0; path = GitHubAssignmentUzair.app; sourceTree = BUILT_PRODUCTS_DIR; };
		220A8B0720DE3E860016C821 /* AppDelegate.swift */ = {isa = PBXFileReference; lastKnownFileType = sourcecode.swift; path = AppDelegate.swift; sourceTree = "<group>"; };
		220A8B0920DE3E860016C821 /* SearchViewController.swift */ = {isa = PBXFileReference; lastKnownFileType = sourcecode.swift; path = SearchViewController.swift; sourceTree = "<group>"; };
		220A8B0C20DE3E870016C821 /* Base */ = {isa = PBXFileReference; lastKnownFileType = file.storyboard; name = Base; path = Base.lproj/Main.storyboard; sourceTree = "<group>"; };
		220A8B1120DE3E890016C821 /* Assets.xcassets */ = {isa = PBXFileReference; lastKnownFileType = folder.assetcatalog; path = Assets.xcassets; sourceTree = "<group>"; };
		220A8B1420DE3E890016C821 /* Base */ = {isa = PBXFileReference; lastKnownFileType = file.storyboard; name = Base; path = Base.lproj/LaunchScreen.storyboard; sourceTree = "<group>"; };
		220A8B1620DE3E890016C821 /* Info.plist */ = {isa = PBXFileReference; lastKnownFileType = text.plist.xml; path = Info.plist; sourceTree = "<group>"; };
		220A8B1C20DE3ED10016C821 /* DetailViewController.swift */ = {isa = PBXFileReference; lastKnownFileType = sourcecode.swift; path = DetailViewController.swift; sourceTree = "<group>"; };
		220A8B1E20DE4A9A0016C821 /* User.swift */ = {isa = PBXFileReference; lastKnownFileType = sourcecode.swift; path = User.swift; sourceTree = "<group>"; };
		228702B120DE7D5F00AD016E /* ActivityLoaderView.xib */ = {isa = PBXFileReference; fileEncoding = 4; lastKnownFileType = file.xib; path = ActivityLoaderView.xib; sourceTree = "<group>"; };
		228702B220DE7D5F00AD016E /* ActivityLoaderView.swift */ = {isa = PBXFileReference; fileEncoding = 4; lastKnownFileType = sourcecode.swift; path = ActivityLoaderView.swift; sourceTree = "<group>"; };
/* End PBXFileReference section */

/* Begin PBXFrameworksBuildPhase section */
		220A8B0120DE3E860016C821 /* Frameworks */ = {
			isa = PBXFrameworksBuildPhase;
			buildActionMask = 2147483647;
			files = (
			);
			runOnlyForDeploymentPostprocessing = 0;
		};
/* End PBXFrameworksBuildPhase section */

/* Begin PBXGroup section */
		220A8AFB20DE3E860016C821 = {
			isa = PBXGroup;
			children = (
				220A8B0620DE3E860016C821 /* GitHubAssignmentUzair */,
				220A8B0520DE3E860016C821 /* Products */,
			);
			sourceTree = "<group>";
		};
		220A8B0520DE3E860016C821 /* Products */ = {
			isa = PBXGroup;
			children = (
				220A8B0420DE3E860016C821 /* GitHubAssignmentUzair.app */,
			);
			name = Products;
			sourceTree = "<group>";
		};
		220A8B0620DE3E860016C821 /* GitHubAssignmentUzair */ = {
			isa = PBXGroup;
			children = (
				228702AF20DE6CF500AD016E /* Views */,
				228702AE20DE6CDA00AD016E /* ViewControllers */,
				228702AD20DE6CCF00AD016E /* Models */,
				220A8B0720DE3E860016C821 /* AppDelegate.swift */,
				220A8B1120DE3E890016C821 /* Assets.xcassets */,
				220A8B1620DE3E890016C821 /* Info.plist */,
			);
			path = GitHubAssignmentUzair;
			sourceTree = "<group>";
		};
		228702AD20DE6CCF00AD016E /* Models */ = {
			isa = PBXGroup;
			children = (
				220A8B1E20DE4A9A0016C821 /* User.swift */,
			);
			path = Models;
			sourceTree = "<group>";
		};
		228702AE20DE6CDA00AD016E /* ViewControllers */ = {
			isa = PBXGroup;
			children = (
				220A8B1C20DE3ED10016C821 /* DetailViewController.swift */,
				220A8B0920DE3E860016C821 /* SearchViewController.swift */,
			);
			path = ViewControllers;
			sourceTree = "<group>";
		};
		228702AF20DE6CF500AD016E /* Views */ = {
			isa = PBXGroup;
			children = (
				228702B020DE7D5F00AD016E /* ActivityLoader */,
				220A8B0B20DE3E870016C821 /* Main.storyboard */,
				220A8B1320DE3E890016C821 /* LaunchScreen.storyboard */,
			);
			path = Views;
			sourceTree = "<group>";
		};
		228702B020DE7D5F00AD016E /* ActivityLoader */ = {
			isa = PBXGroup;
			children = (
				228702B120DE7D5F00AD016E /* ActivityLoaderView.xib */,
				228702B220DE7D5F00AD016E /* ActivityLoaderView.swift */,
			);
			path = ActivityLoader;
			sourceTree = "<group>";
		};
/* End PBXGroup section */

/* Begin PBXNativeTarget section */
		220A8B0320DE3E860016C821 /* GitHubAssignmentUzair */ = {
			isa = PBXNativeTarget;
			buildConfigurationList = 220A8B1920DE3E890016C821 /* Build configuration list for PBXNativeTarget "GitHubAssignmentUzair" */;
			buildPhases = (
				220A8B0020DE3E860016C821 /* Sources */,
				220A8B0120DE3E860016C821 /* Frameworks */,
				220A8B0220DE3E860016C821 /* Resources */,
			);
			buildRules = (
			);
			dependencies = (
			);
			name = GitHubAssignmentUzair;
			productName = GitHubAssignmentUzair;
			productReference = 220A8B0420DE3E860016C821 /* GitHubAssignmentUzair.app */;
			productType = "com.apple.product-type.application";
		};
/* End PBXNativeTarget section */

/* Begin PBXProject section */
		220A8AFC20DE3E860016C821 /* Project object */ = {
			isa = PBXProject;
			attributes = {
				LastSwiftUpdateCheck = 0940;
				LastUpgradeCheck = 0940;
				ORGANIZATIONNAME = uzi;
				TargetAttributes = {
					220A8B0320DE3E860016C821 = {
						CreatedOnToolsVersion = 9.4;
					};
				};
			};
			buildConfigurationList = 220A8AFF20DE3E860016C821 /* Build configuration list for PBXProject "GitHubAssignmentUzair" */;
			compatibilityVersion = "Xcode 9.3";
			developmentRegion = en;
			hasScannedForEncodings = 0;
			knownRegions = (
				en,
				Base,
			);
			mainGroup = 220A8AFB20DE3E860016C821;
			productRefGroup = 220A8B0520DE3E860016C821 /* Products */;
			projectDirPath = "";
			projectRoot = "";
			targets = (
				220A8B0320DE3E860016C821 /* GitHubAssignmentUzair */,
			);
		};
/* End PBXProject section */

/* Begin PBXResourcesBuildPhase section */
		220A8B0220DE3E860016C821 /* Resources */ = {
			isa = PBXResourcesBuildPhase;
			buildActionMask = 2147483647;
			files = (
				220A8B1520DE3E890016C821 /* LaunchScreen.storyboard in Resources */,
				220A8B1220DE3E890016C821 /* Assets.xcassets in Resources */,
				228702B320DE7D5F00AD016E /* ActivityLoaderView.xib in Resources */,
				220A8B0D20DE3E870016C821 /* Main.storyboard in Resources */,
			);
			runOnlyForDeploymentPostprocessing = 0;
		};
/* End PBXResourcesBuildPhase section */

/* Begin PBXSourcesBuildPhase section */
		220A8B0020DE3E860016C821 /* Sources */ = {
			isa = PBXSourcesBuildPhase;
			buildActionMask = 2147483647;
			files = (
				220A8B1F20DE4A9B0016C821 /* User.swift in Sources */,
				220A8B0A20DE3E860016C821 /* SearchViewController.swift in Sources */,
				220A8B0820DE3E860016C821 /* AppDelegate.swift in Sources */,
				220A8B1D20DE3ED10016C821 /* DetailViewController.swift in Sources */,
				228702B420DE7D5F00AD016E /* ActivityLoaderView.swift in Sources */,
			);
			runOnlyForDeploymentPostprocessing = 0;
		};
/* End PBXSourcesBuildPhase section */

/* Begin PBXVariantGroup section */
		220A8B0B20DE3E870016C821 /* Main.storyboard */ = {
			isa = PBXVariantGroup;
			children = (
				220A8B0C20DE3E870016C821 /* Base */,
			);
			name = Main.storyboard;
			sourceTree = "<group>";
		};
		220A8B1320DE3E890016C821 /* LaunchScreen.storyboard */ = {
			isa = PBXVariantGroup;
			children = (
				220A8B1420DE3E890016C821 /* Base */,
			);
			name = LaunchScreen.storyboard;
			sourceTree = "<group>";
		};
/* End PBXVariantGroup section */

/* Begin XCBuildConfiguration section */
		220A8B1720DE3E890016C821 /* Debug */ = {
			isa = XCBuildConfiguration;
			buildSettings = {
				ALWAYS_SEARCH_USER_PATHS = NO;
				CLANG_ANALYZER_NONNULL = YES;
				CLANG_ANALYZER_NUMBER_OBJECT_CONVERSION = YES_AGGRESSIVE;
				CLANG_CXX_LANGUAGE_STANDARD = "gnu++14";
				CLANG_CXX_LIBRARY = "libc++";
				CLANG_ENABLE_MODULES = YES;
				CLANG_ENABLE_OBJC_ARC = YES;
				CLANG_ENABLE_OBJC_WEAK = YES;
				CLANG_WARN_BLOCK_CAPTURE_AUTORELEASING = YES;
				CLANG_WARN_BOOL_CONVERSION = YES;
				CLANG_WARN_COMMA = YES;
				CLANG_WARN_CONSTANT_CONVERSION = YES;
				CLANG_WARN_DEPRECATED_OBJC_IMPLEMENTATIONS = YES;
				CLANG_WARN_DIRECT_OBJC_ISA_USAGE = YES_ERROR;
				CLANG_WARN_DOCUMENTATION_COMMENTS = YES;
				CLANG_WARN_EMPTY_BODY = YES;
				CLANG_WARN_ENUM_CONVERSION = YES;
				CLANG_WARN_INFINITE_RECURSION = YES;
				CLANG_WARN_INT_CONVERSION = YES;
				CLANG_WARN_NON_LITERAL_NULL_CONVERSION = YES;
				CLANG_WARN_OBJC_IMPLICIT_RETAIN_SELF = YES;
				CLANG_WARN_OBJC_LITERAL_CONVERSION = YES;
				CLANG_WARN_OBJC_ROOT_CLASS = YES_ERROR;
				CLANG_WARN_RANGE_LOOP_ANALYSIS = YES;
				CLANG_WARN_STRICT_PROTOTYPES = YES;
				CLANG_WARN_SUSPICIOUS_MOVE = YES;
				CLANG_WARN_UNGUARDED_AVAILABILITY = YES_AGGRESSIVE;
				CLANG_WARN_UNREACHABLE_CODE = YES;
				CLANG_WARN__DUPLICATE_METHOD_MATCH = YES;
				CODE_SIGN_IDENTITY = "iPhone Developer";
				COPY_PHASE_STRIP = NO;
				DEBUG_INFORMATION_FORMAT = dwarf;
				ENABLE_STRICT_OBJC_MSGSEND = YES;
				ENABLE_TESTABILITY = YES;
				GCC_C_LANGUAGE_STANDARD = gnu11;
				GCC_DYNAMIC_NO_PIC = NO;
				GCC_NO_COMMON_BLOCKS = YES;
				GCC_OPTIMIZATION_LEVEL = 0;
				GCC_PREPROCESSOR_DEFINITIONS = (
					"DEBUG=1",
					"$(inherited)",
				);
				GCC_WARN_64_TO_32_BIT_CONVERSION = YES;
				GCC_WARN_ABOUT_RETURN_TYPE = YES_ERROR;
				GCC_WARN_UNDECLARED_SELECTOR = YES;
				GCC_WARN_UNINITIALIZED_AUTOS = YES_AGGRESSIVE;
				GCC_WARN_UNUSED_FUNCTION = YES;
				GCC_WARN_UNUSED_VARIABLE = YES;
				IPHONEOS_DEPLOYMENT_TARGET = 11.4;
				MTL_ENABLE_DEBUG_INFO = YES;
				ONLY_ACTIVE_ARCH = YES;
				SDKROOT = iphoneos;
				SWIFT_ACTIVE_COMPILATION_CONDITIONS = DEBUG;
				SWIFT_OPTIMIZATION_LEVEL = "-Onone";
			};
			name = Debug;
		};
		220A8B1820DE3E890016C821 /* Release */ = {
			isa = XCBuildConfiguration;
			buildSettings = {
				ALWAYS_SEARCH_USER_PATHS = NO;
				CLANG_ANALYZER_NONNULL = YES;
				CLANG_ANALYZER_NUMBER_OBJECT_CONVERSION = YES_AGGRESSIVE;
				CLANG_CXX_LANGUAGE_STANDARD = "gnu++14";
				CLANG_CXX_LIBRARY = "libc++";
				CLANG_ENABLE_MODULES = YES;
				CLANG_ENABLE_OBJC_ARC = YES;
				CLANG_ENABLE_OBJC_WEAK = YES;
				CLANG_WARN_BLOCK_CAPTURE_AUTORELEASING = YES;
				CLANG_WARN_BOOL_CONVERSION = YES;
				CLANG_WARN_COMMA = YES;
				CLANG_WARN_CONSTANT_CONVERSION = YES;
				CLANG_WARN_DEPRECATED_OBJC_IMPLEMENTATIONS = YES;
				CLANG_WARN_DIRECT_OBJC_ISA_USAGE = YES_ERROR;
				CLANG_WARN_DOCUMENTATION_COMMENTS = YES;
				CLANG_WARN_EMPTY_BODY = YES;
				CLANG_WARN_ENUM_CONVERSION = YES;
				CLANG_WARN_INFINITE_RECURSION = YES;
				CLANG_WARN_INT_CONVERSION = YES;
				CLANG_WARN_NON_LITERAL_NULL_CONVERSION = YES;
				CLANG_WARN_OBJC_IMPLICIT_RETAIN_SELF = YES;
				CLANG_WARN_OBJC_LITERAL_CONVERSION = YES;
				CLANG_WARN_OBJC_ROOT_CLASS = YES_ERROR;
				CLANG_WARN_RANGE_LOOP_ANALYSIS = YES;
				CLANG_WARN_STRICT_PROTOTYPES = YES;
				CLANG_WARN_SUSPICIOUS_MOVE = YES;
				CLANG_WARN_UNGUARDED_AVAILABILITY = YES_AGGRESSIVE;
				CLANG_WARN_UNREACHABLE_CODE = YES;
				CLANG_WARN__DUPLICATE_METHOD_MATCH = YES;
				CODE_SIGN_IDENTITY = "iPhone Developer";
				COPY_PHASE_STRIP = NO;
				DEBUG_INFORMATION_FORMAT = "dwarf-with-dsym";
				ENABLE_NS_ASSERTIONS = NO;
				ENABLE_STRICT_OBJC_MSGSEND = YES;
				GCC_C_LANGUAGE_STANDARD = gnu11;
				GCC_NO_COMMON_BLOCKS = YES;
				GCC_WARN_64_TO_32_BIT_CONVERSION = YES;
				GCC_WARN_ABOUT_RETURN_TYPE = YES_ERROR;
				GCC_WARN_UNDECLARED_SELECTOR = YES;
				GCC_WARN_UNINITIALIZED_AUTOS = YES_AGGRESSIVE;
				GCC_WARN_UNUSED_FUNCTION = YES;
				GCC_WARN_UNUSED_VARIABLE = YES;
				IPHONEOS_DEPLOYMENT_TARGET = 11.4;
				MTL_ENABLE_DEBUG_INFO = NO;
				SDKROOT = iphoneos;
				SWIFT_COMPILATION_MODE = wholemodule;
				SWIFT_OPTIMIZATION_LEVEL = "-O";
				VALIDATE_PRODUCT = YES;
			};
			name = Release;
		};
		220A8B1A20DE3E890016C821 /* Debug */ = {
			isa = XCBuildConfiguration;
			buildSettings = {
				ASSETCATALOG_COMPILER_APPICON_NAME = AppIcon;
				CODE_SIGN_STYLE = Automatic;
				INFOPLIST_FILE = GitHubAssignmentUzair/Info.plist;
				LD_RUNPATH_SEARCH_PATHS = (
					"$(inherited)",
					"@executable_path/Frameworks",
				);
				PRODUCT_BUNDLE_IDENTIFIER = com.uzi.GitHubAssignmentUzair;
				PRODUCT_NAME = "$(TARGET_NAME)";
				SWIFT_VERSION = 4.0;
				TARGETED_DEVICE_FAMILY = "1,2";
			};
			name = Debug;
		};
		220A8B1B20DE3E890016C821 /* Release */ = {
			isa = XCBuildConfiguration;
			buildSettings = {
				ASSETCATALOG_COMPILER_APPICON_NAME = AppIcon;
				CODE_SIGN_STYLE = Automatic;
				INFOPLIST_FILE = GitHubAssignmentUzair/Info.plist;
				LD_RUNPATH_SEARCH_PATHS = (
					"$(inherited)",
					"@executable_path/Frameworks",
				);
				PRODUCT_BUNDLE_IDENTIFIER = com.uzi.GitHubAssignmentUzair;
				PRODUCT_NAME = "$(TARGET_NAME)";
				SWIFT_VERSION = 4.0;
				TARGETED_DEVICE_FAMILY = "1,2";
			};
			name = Release;
		};
/* End XCBuildConfiguration section */

/* Begin XCConfigurationList section */
		220A8AFF20DE3E860016C821 /* Build configuration list for PBXProject "GitHubAssignmentUzair" */ = {
			isa = XCConfigurationList;
			buildConfigurations = (
				220A8B1720DE3E890016C821 /* Debug */,
				220A8B1820DE3E890016C821 /* Release */,
			);
			defaultConfigurationIsVisible = 0;
			defaultConfigurationName = Release;
		};
		220A8B1920DE3E890016C821 /* Build configuration list for PBXNativeTarget "GitHubAssignmentUzair" */ = {
			isa = XCConfigurationList;
			buildConfigurations = (
				220A8B1A20DE3E890016C821 /* Debug */,
				220A8B1B20DE3E890016C821 /* Release */,
			);
			defaultConfigurationIsVisible = 0;
			defaultConfigurationName = Release;
		};
/* End XCConfigurationList section */
	};
	rootObject = 220A8AFC20DE3E860016C821 /* Project object */;
}
